// !$*UTF8*$!
{
	archiveVersion = 1;
	classes = {
	};
	objectVersion = 50;
	objects = {

/* Begin PBXBuildFile section */
		3636725B2393D94B00FABCE7 /* AppDelegate.swift in Sources */ = {isa = PBXBuildFile; fileRef = 3636725A2393D94B00FABCE7 /* AppDelegate.swift */; };
		3636725D2393D94B00FABCE7 /* SceneDelegate.swift in Sources */ = {isa = PBXBuildFile; fileRef = 3636725C2393D94B00FABCE7 /* SceneDelegate.swift */; };
		3636725F2393D94B00FABCE7 /* ViewController.swift in Sources */ = {isa = PBXBuildFile; fileRef = 3636725E2393D94B00FABCE7 /* ViewController.swift */; };
		363672622393D94B00FABCE7 /* Main.storyboard in Resources */ = {isa = PBXBuildFile; fileRef = 363672602393D94B00FABCE7 /* Main.storyboard */; };
		363672642393D94D00FABCE7 /* Assets.xcassets in Resources */ = {isa = PBXBuildFile; fileRef = 363672632393D94D00FABCE7 /* Assets.xcassets */; };
		363672672393D94D00FABCE7 /* LaunchScreen.storyboard in Resources */ = {isa = PBXBuildFile; fileRef = 363672652393D94D00FABCE7 /* LaunchScreen.storyboard */; };
		363672762394098D00FABCE7 /* style.css in Resources */ = {isa = PBXBuildFile; fileRef = 363672742394098D00FABCE7 /* style.css */; };
		363672772394098D00FABCE7 /* index.html in Resources */ = {isa = PBXBuildFile; fileRef = 363672752394098D00FABCE7 /* index.html */; };
/* End PBXBuildFile section */

/* Begin PBXFileReference section */
		363672572393D94B00FABCE7 /* WKWebViewLocalFiles.app */ = {isa = PBXFileReference; explicitFileType = wrapper.application; includeInIndex = 0; path = WKWebViewLocalFiles.app; sourceTree = BUILT_PRODUCTS_DIR; };
		3636725A2393D94B00FABCE7 /* AppDelegate.swift */ = {isa = PBXFileReference; lastKnownFileType = sourcecode.swift; path = AppDelegate.swift; sourceTree = "<group>"; };
		3636725C2393D94B00FABCE7 /* SceneDelegate.swift */ = {isa = PBXFileReference; lastKnownFileType = sourcecode.swift; path = SceneDelegate.swift; sourceTree = "<group>"; };
		3636725E2393D94B00FABCE7 /* ViewController.swift */ = {isa = PBXFileReference; lastKnownFileType = sourcecode.swift; path = ViewController.swift; sourceTree = "<group>"; };
		363672612393D94B00FABCE7 /* Base */ = {isa = PBXFileReference; lastKnownFileType = file.storyboard; name = Base; path = Base.lproj/Main.storyboard; sourceTree = "<group>"; };
		363672632393D94D00FABCE7 /* Assets.xcassets */ = {isa = PBXFileReference; lastKnownFileType = folder.assetcatalog; path = Assets.xcassets; sourceTree = "<group>"; };
		363672662393D94D00FABCE7 /* Base */ = {isa = PBXFileReference; lastKnownFileType = file.storyboard; name = Base; path = Base.lproj/LaunchScreen.storyboard; sourceTree = "<group>"; };
		363672682393D94D00FABCE7 /* Info.plist */ = {isa = PBXFileReference; lastKnownFileType = text.plist.xml; path = Info.plist; sourceTree = "<group>"; };
		363672742394098D00FABCE7 /* style.css */ = {isa = PBXFileReference; fileEncoding = 4; lastKnownFileType = text.css; path = style.css; sourceTree = "<group>"; };
		363672752394098D00FABCE7 /* index.html */ = {isa = PBXFileReference; fileEncoding = 4; lastKnownFileType = text.html; path = index.html; sourceTree = "<group>"; };
/* End PBXFileReference section */

/* Begin PBXFrameworksBuildPhase section */
		363672542393D94B00FABCE7 /* Frameworks */ = {
			isa = PBXFrameworksBuildPhase;
			buildActionMask = 2147483647;
			files = (
			);
			runOnlyForDeploymentPostprocessing = 0;
		};
/* End PBXFrameworksBuildPhase section */

/* Begin PBXGroup section */
		3636724E2393D94B00FABCE7 = {
			isa = PBXGroup;
			children = (
				363672592393D94B00FABCE7 /* WKWebViewLocalFiles */,
				363672582393D94B00FABCE7 /* Products */,
			);
			sourceTree = "<group>";
		};
		363672582393D94B00FABCE7 /* Products */ = {
			isa = PBXGroup;
			children = (
				363672572393D94B00FABCE7 /* WKWebViewLocalFiles.app */,
			);
			name = Products;
			sourceTree = "<group>";
		};
		363672592393D94B00FABCE7 /* WKWebViewLocalFiles */ = {
			isa = PBXGroup;
			children = (
				363672752394098D00FABCE7 /* index.html */,
				363672742394098D00FABCE7 /* style.css */,
				3636725A2393D94B00FABCE7 /* AppDelegate.swift */,
				3636725C2393D94B00FABCE7 /* SceneDelegate.swift */,
				3636725E2393D94B00FABCE7 /* ViewController.swift */,
				363672602393D94B00FABCE7 /* Main.storyboard */,
				363672632393D94D00FABCE7 /* Assets.xcassets */,
				363672652393D94D00FABCE7 /* LaunchScreen.storyboard */,
				363672682393D94D00FABCE7 /* Info.plist */,
			);
			path = WKWebViewLocalFiles;
			sourceTree = "<group>";
		};
/* End PBXGroup section */

/* Begin PBXNativeTarget section */
		363672562393D94B00FABCE7 /* WKWebViewLocalFiles */ = {
			isa = PBXNativeTarget;
			buildConfigurationList = 3636726B2393D94D00FABCE7 /* Build configuration list for PBXNativeTarget "WKWebViewLocalFiles" */;
			buildPhases = (
				363672532393D94B00FABCE7 /* Sources */,
				363672542393D94B00FABCE7 /* Frameworks */,
				363672552393D94B00FABCE7 /* Resources */,
			);
			buildRules = (
			);
			dependencies = (
			);
			name = WKWebViewLocalFiles;
			productName = WKWebViewLocalFiles;
			productReference = 363672572393D94B00FABCE7 /* WKWebViewLocalFiles.app */;
			productType = "com.apple.product-type.application";
		};
/* End PBXNativeTarget section */

/* Begin PBXProject section */
		3636724F2393D94B00FABCE7 /* Project object */ = {
			isa = PBXProject;
			attributes = {
				LastSwiftUpdateCheck = 1100;
				LastUpgradeCheck = 1100;
				ORGANIZATIONNAME = ProgrammingWithSwift;
				TargetAttributes = {
					363672562393D94B00FABCE7 = {
						CreatedOnToolsVersion = 11.0;
					};
				};
			};
			buildConfigurationList = 363672522393D94B00FABCE7 /* Build configuration list for PBXProject "WKWebViewLocalFiles" */;
			compatibilityVersion = "Xcode 9.3";
			developmentRegion = en;
			hasScannedForEncodings = 0;
			knownRegions = (
				en,
				Base,
			);
			mainGroup = 3636724E2393D94B00FABCE7;
			productRefGroup = 363672582393D94B00FABCE7 /* Products */;
			projectDirPath = "";
			projectRoot = "";
			targets = (
				363672562393D94B00FABCE7 /* WKWebViewLocalFiles */,
			);
		};
/* End PBXProject section */

/* Begin PBXResourcesBuildPhase section */
		363672552393D94B00FABCE7 /* Resources */ = {
			isa = PBXResourcesBuildPhase;
			buildActionMask = 2147483647;
			files = (
				363672772394098D00FABCE7 /* index.html in Resources */,
				363672672393D94D00FABCE7 /* LaunchScreen.storyboard in Resources */,
				363672762394098D00FABCE7 /* style.css in Resources */,
				363672642393D94D00FABCE7 /* Assets.xcassets in Resources */,
				363672622393D94B00FABCE7 /* Main.storyboard in Resources */,
			);
			runOnlyForDeploymentPostprocessing = 0;
		};
/* End PBXResourcesBuildPhase section */

/* Begin PBXSourcesBuildPhase section */
		363672532393D94B00FABCE7 /* Sources */ = {
			isa = PBXSourcesBuildPhase;
			buildActionMask = 2147483647;
			files = (
				3636725F2393D94B00FABCE7 /* ViewController.swift in Sources */,
				3636725B2393D94B00FABCE7 /* AppDelegate.swift in Sources */,
				3636725D2393D94B00FABCE7 /* SceneDelegate.swift in Sources */,
			);
			runOnlyForDeploymentPostprocessing = 0;
		};
/* End PBXSourcesBuildPhase section */

/* Begin PBXVariantGroup section */
		363672602393D94B00FABCE7 /* Main.storyboard */ = {
			isa = PBXVariantGroup;
			children = (
				363672612393D94B00FABCE7 /* Base */,
			);
			name = Main.storyboard;
			sourceTree = "<group>";
		};
		363672652393D94D00FABCE7 /* LaunchScreen.storyboard */ = {
			isa = PBXVariantGroup;
			children = (
				363672662393D94D00FABCE7 /* Base */,
			);
			name = LaunchScreen.storyboard;
			sourceTree = "<group>";
		};
/* End PBXVariantGroup section */

/* Begin XCBuildConfiguration section */
		363672692393D94D00FABCE7 /* Debug */ = {
			isa = XCBuildConfiguration;
			buildSettings = {
				ALWAYS_SEARCH_USER_PATHS = NO;
				CLANG_ANALYZER_NONNULL = YES;
				CLANG_ANALYZER_NUMBER_OBJECT_CONVERSION = YES_AGGRESSIVE;
				CLANG_CXX_LANGUAGE_STANDARD = "gnu++14";
				CLANG_CXX_LIBRARY = "libc++";
				CLANG_ENABLE_MODULES = YES;
				CLANG_ENABLE_OBJC_ARC = YES;
				CLANG_ENABLE_OBJC_WEAK = YES;
				CLANG_WARN_BLOCK_CAPTURE_AUTORELEASING = YES;
				CLANG_WARN_BOOL_CONVERSION = YES;
				CLANG_WARN_COMMA = YES;
				CLANG_WARN_CONSTANT_CONVERSION = YES;
				CLANG_WARN_DEPRECATED_OBJC_IMPLEMENTATIONS = YES;
				CLANG_WARN_DIRECT_OBJC_ISA_USAGE = YES_ERROR;
				CLANG_WARN_DOCUMENTATION_COMMENTS = YES;
				CLANG_WARN_EMPTY_BODY = YES;
				CLANG_WARN_ENUM_CONVERSION = YES;
				CLANG_WARN_INFINITE_RECURSION = YES;
				CLANG_WARN_INT_CONVERSION = YES;
				CLANG_WARN_NON_LITERAL_NULL_CONVERSION = YES;
				CLANG_WARN_OBJC_IMPLICIT_RETAIN_SELF = YES;
				CLANG_WARN_OBJC_LITERAL_CONVERSION = YES;
				CLANG_WARN_OBJC_ROOT_CLASS = YES_ERROR;
				CLANG_WARN_RANGE_LOOP_ANALYSIS = YES;
				CLANG_WARN_STRICT_PROTOTYPES = YES;
				CLANG_WARN_SUSPICIOUS_MOVE = YES;
				CLANG_WARN_UNGUARDED_AVAILABILITY = YES_AGGRESSIVE;
				CLANG_WARN_UNREACHABLE_CODE = YES;
				CLANG_WARN__DUPLICATE_METHOD_MATCH = YES;
				COPY_PHASE_STRIP = NO;
				DEBUG_INFORMATION_FORMAT = dwarf;
				ENABLE_STRICT_OBJC_MSGSEND = YES;
				ENABLE_TESTABILITY = YES;
				GCC_C_LANGUAGE_STANDARD = gnu11;
				GCC_DYNAMIC_NO_PIC = NO;
				GCC_NO_COMMON_BLOCKS = YES;
				GCC_OPTIMIZATION_LEVEL = 0;
				GCC_PREPROCESSOR_DEFINITIONS = (
					"DEBUG=1",
					"$(inherited)",
				);
				GCC_WARN_64_TO_32_BIT_CONVERSION = YES;
				GCC_WARN_ABOUT_RETURN_TYPE = YES_ERROR;
				GCC_WARN_UNDECLARED_SELECTOR = YES;
				GCC_WARN_UNINITIALIZED_AUTOS = YES_AGGRESSIVE;
				GCC_WARN_UNUSED_FUNCTION = YES;
				GCC_WARN_UNUSED_VARIABLE = YES;
				IPHONEOS_DEPLOYMENT_TARGET = 13.0;
				MTL_ENABLE_DEBUG_INFO = INCLUDE_SOURCE;
				MTL_FAST_MATH = YES;
				ONLY_ACTIVE_ARCH = YES;
				SDKROOT = iphoneos;
				SWIFT_ACTIVE_COMPILATION_CONDITIONS = DEBUG;
				SWIFT_OPTIMIZATION_LEVEL = "-Onone";
			};
			name = Debug;
		};
		3636726A2393D94D00FABCE7 /* Release */ = {
			isa = XCBuildConfiguration;
			buildSettings = {
				ALWAYS_SEARCH_USER_PATHS = NO;
				CLANG_ANALYZER_NONNULL = YES;
				CLANG_ANALYZER_NUMBER_OBJECT_CONVERSION = YES_AGGRESSIVE;
				CLANG_CXX_LANGUAGE_STANDARD = "gnu++14";
				CLANG_CXX_LIBRARY = "libc++";
				CLANG_ENABLE_MODULES = YES;
				CLANG_ENABLE_OBJC_ARC = YES;
				CLANG_ENABLE_OBJC_WEAK = YES;
				CLANG_WARN_BLOCK_CAPTURE_AUTORELEASING = YES;
				CLANG_WARN_BOOL_CONVERSION = YES;
				CLANG_WARN_COMMA = YES;
				CLANG_WARN_CONSTANT_CONVERSION = YES;
				CLANG_WARN_DEPRECATED_OBJC_IMPLEMENTATIONS = YES;
				CLANG_WARN_DIRECT_OBJC_ISA_USAGE = YES_ERROR;
				CLANG_WARN_DOCUMENTATION_COMMENTS = YES;
				CLANG_WARN_EMPTY_BODY = YES;
				CLANG_WARN_ENUM_CONVERSION = YES;
				CLANG_WARN_INFINITE_RECURSION = YES;
				CLANG_WARN_INT_CONVERSION = YES;
				CLANG_WARN_NON_LITERAL_NULL_CONVERSION = YES;
				CLANG_WARN_OBJC_IMPLICIT_RETAIN_SELF = YES;
				CLANG_WARN_OBJC_LITERAL_CONVERSION = YES;
				CLANG_WARN_OBJC_ROOT_CLASS = YES_ERROR;
				CLANG_WARN_RANGE_LOOP_ANALYSIS = YES;
				CLANG_WARN_STRICT_PROTOTYPES = YES;
				CLANG_WARN_SUSPICIOUS_MOVE = YES;
				CLANG_WARN_UNGUARDED_AVAILABILITY = YES_AGGRESSIVE;
				CLANG_WARN_UNREACHABLE_CODE = YES;
				CLANG_WARN__DUPLICATE_METHOD_MATCH = YES;
				COPY_PHASE_STRIP = NO;
				DEBUG_INFORMATION_FORMAT = "dwarf-with-dsym";
				ENABLE_NS_ASSERTIONS = NO;
				ENABLE_STRICT_OBJC_MSGSEND = YES;
				GCC_C_LANGUAGE_STANDARD = gnu11;
				GCC_NO_COMMON_BLOCKS = YES;
				GCC_WARN_64_TO_32_BIT_CONVERSION = YES;
				GCC_WARN_ABOUT_RETURN_TYPE = YES_ERROR;
				GCC_WARN_UNDECLARED_SELECTOR = YES;
				GCC_WARN_UNINITIALIZED_AUTOS = YES_AGGRESSIVE;
				GCC_WARN_UNUSED_FUNCTION = YES;
				GCC_WARN_UNUSED_VARIABLE = YES;
				IPHONEOS_DEPLOYMENT_TARGET = 13.0;
				MTL_ENABLE_DEBUG_INFO = NO;
				MTL_FAST_MATH = YES;
				SDKROOT = iphoneos;
				SWIFT_COMPILATION_MODE = wholemodule;
				SWIFT_OPTIMIZATION_LEVEL = "-O";
				VALIDATE_PRODUCT = YES;
			};
			name = Release;
		};
		3636726C2393D94D00FABCE7 /* Debug */ = {
			isa = XCBuildConfiguration;
			buildSettings = {
				ASSETCATALOG_COMPILER_APPICON_NAME = AppIcon;
				CODE_SIGN_STYLE = Automatic;
				DEVELOPMENT_TEAM = 6WB5V8NBJ5;
				INFOPLIST_FILE = WKWebViewLocalFiles/Info.plist;
				LD_RUNPATH_SEARCH_PATHS = (
					"$(inherited)",
					"@executable_path/Frameworks",
				);
				PRODUCT_BUNDLE_IDENTIFIER = com.programmingwithswift.WKWebViewLocalFiles;
				PRODUCT_NAME = "$(TARGET_NAME)";
				SWIFT_VERSION = 5.0;
				TARGETED_DEVICE_FAMILY = "1,2";
			};
			name = Debug;
		};
		3636726D2393D94D00FABCE7 /* Release */ = {
			isa = XCBuildConfiguration;
			buildSettings = {
				ASSETCATALOG_COMPILER_APPICON_NAME = AppIcon;
				CODE_SIGN_STYLE = Automatic;
				DEVELOPMENT_TEAM = 6WB5V8NBJ5;
				INFOPLIST_FILE = WKWebViewLocalFiles/Info.plist;
				LD_RUNPATH_SEARCH_PATHS = (
					"$(inherited)",
					"@executable_path/Frameworks",
				);
				PRODUCT_BUNDLE_IDENTIFIER = com.programmingwithswift.WKWebViewLocalFiles;
				PRODUCT_NAME = "$(TARGET_NAME)";
				SWIFT_VERSION = 5.0;
				TARGETED_DEVICE_FAMILY = "1,2";
			};
			name = Release;
		};
/* End XCBuildConfiguration section */

/* Begin XCConfigurationList section */
		363672522393D94B00FABCE7 /* Build configuration list for PBXProject "WKWebViewLocalFiles" */ = {
			isa = XCConfigurationList;
			buildConfigurations = (
				363672692393D94D00FABCE7 /* Debug */,
				3636726A2393D94D00FABCE7 /* Release */,
			);
			defaultConfigurationIsVisible = 0;
			defaultConfigurationName = Release;
		};
		3636726B2393D94D00FABCE7 /* Build configuration list for PBXNativeTarget "WKWebViewLocalFiles" */ = {
			isa = XCConfigurationList;
			buildConfigurations = (
				3636726C2393D94D00FABCE7 /* Debug */,
				3636726D2393D94D00FABCE7 /* Release */,
			);
			defaultConfigurationIsVisible = 0;
			defaultConfigurationName = Release;
		};
/* End XCConfigurationList section */
	};
	rootObject = 3636724F2393D94B00FABCE7 /* Project object */;
}
